{
  "version": "3",
  "redirects": {
    "https://esm.sh/preact/compat?dev": "https://esm.sh/preact@10.19.5/compat?dev",
    "https://esm.sh/react-dom?dev": "https://esm.sh/react-dom@18.2.0?dev",
    "https://esm.sh/react-hook-form": "https://esm.sh/react-hook-form@7.50.1",
    "https://esm.sh/react-hook-form?alias=react:preact/compat": "https://esm.sh/react-hook-form@7.50.1?alias=react:preact/compat",
    "https://esm.sh/react?dev": "https://esm.sh/react@18.2.0?dev",
    "https://esm.sh/v128/@types/react@~18.2/index.d.ts": "https://esm.sh/v128/@types/react@18.2.38/index.d.ts",
    "https://esm.sh/v135/@types/react-dom@~18.2/client~.d.ts": "https://esm.sh/v135/@types/react-dom@18.2.19/client~.d.ts",
    "https://esm.sh/v135/@types/react-dom@~18.2/index.d.ts": "https://esm.sh/v135/@types/react-dom@18.2.19/index.d.ts"
  },
  "remote": {
    "https://denopkg.com/Vehmloewff/frontier@0.1.1/components/mod.ts": "4514241d6cd7059f6542ce4e64de48cef7ea4c66b302ae02baab8ca31ec2c4f8",
    "https://denopkg.com/Vehmloewff/frontier@0.1.1/components/segment.tsx": "3fe597eca582bb1ac900677089945c13493f4cf22524e12a983cd2d82d8e4e80",
    "https://denopkg.com/Vehmloewff/frontier@0.1.1/components/semantic.tsx": "545b168d818b8f080e7d1768ac9e2d96e9829c1d6f67f8dcc718a0269c22fa6a",
    "https://denopkg.com/Vehmloewff/frontier@0.1.1/components/union_button_bar.tsx": "c9a9294569ce25a87dbe5e53821afd61043b510bddb9237fb093bff2622d63be",
    "https://denopkg.com/Vehmloewff/frontier@0.1.1/deps.ts": "486dd2cade802bcc6465633c8f9aba1260271080a6677375e36e41f42add34a4",
    "https://denopkg.com/Vehmloewff/frontier@0.1.1/mod.ts": "9d6dc6648aaae2e9b17ae073fffdf06f202314beb82b8b457852ae24bc5ff99c",
    "https://denopkg.com/Vehmloewff/frontier@0.1.1/react.ts": "b516d80dcb1d7236976b1997f19533f22887713c0b7b6fb9c30625b9cb516748",
    "https://denopkg.com/Vehmloewff/frontier@0.1.1/route.ts": "bcb1ddac07421fbdd8347c258ac8fb562320cead29c37fdfdb3e9b5873119712",
    "https://denopkg.com/Vehmloewff/frontier@0.1.1/theme.ts": "87b2715dec947e5b0b772e208b125cb777be61ff31c92ecc935458c5f56574f7",
    "https://esm.sh/@twind/core@1.1.3/core.deno.js": "1a3faa02579dfc54d7a33263396f7809f9096e38758779ea38cec1ac37726b85",
    "https://esm.sh/@twind/preset-autoprefix@1.0.7": "6833d4fefe7dd5875b07ed69e146a6d9203522c3481c7b1fbf2ee9c24b8ae46b",
    "https://esm.sh/@twind/preset-tailwind@1.1.4": "13a2b9ecb4830d6bd4377b5977d04b2f1fa767fee9f6cf925ee77f0992b41544",
    "https://esm.sh/preact@10.19.2/compat": "8af8530bddf0a65128eb587956117879aec5b769c434ea6d69d259b6df68d7ba",
    "https://esm.sh/react-hook-form@7.50.1?alias=react:preact/compat": "813c7cb04a467a1e408ae5c21931fd4aafde39f7255cade00a331da6c25eddd5",
    "https://esm.sh/stable/preact@10.19.2/denonext/compat.js": "d66ae35887df5cc45d0124559e2a6a5547f96ff697de407e7843e3391696d2f8",
    "https://esm.sh/stable/preact@10.19.2/denonext/hooks.js": "dfd710408bb1b988c7a33a33ce03b1d8076dd1d8140e0879ec78452a5f670726",
    "https://esm.sh/stable/preact@10.19.2/denonext/preact.mjs": "dc999b6432dc04d74ad7b692a8801f346294d815266dff915d0f222c120fd0b0",
    "https://esm.sh/stable/preact@10.19.4/X-YS9yZWFjdDpwcmVhY3QvY29tcGF0/denonext/compat.js": "46b9bcde3163e6a71eb91aad08d42e2089517276a3cc035f201289e5ed54e9b8",
    "https://esm.sh/stable/preact@10.19.4/X-YS9yZWFjdDpwcmVhY3QvY29tcGF0/denonext/hooks.js": "5d1a3c18de5519ce307986565680c69fca6e0e17659726dc85a5cf580ed12d51",
    "https://esm.sh/stable/preact@10.19.4/denonext/preact.mjs": "5e93bd92ee90f5b7bd12196a4bd8a22090543a0f528988d782ef28dd0e181d61",
    "https://esm.sh/v135/@twind/core@1.1.3/denonext/core.deno.js": "cd124fe7d0a1d7a66caca919e3c0e5b35044513b547ed9b93b80d5f295621b1a",
    "https://esm.sh/v135/@twind/core@1.1.3/denonext/core.mjs": "c2618087a5d5cc406c7dc1079015f4d7cc874bee167f74e9945694896d907b6d",
    "https://esm.sh/v135/@twind/preset-autoprefix@1.0.7/denonext/preset-autoprefix.mjs": "433e024290664af674d46e7697f836b83f051f68b83b2978742ca4c3a117d6af",
    "https://esm.sh/v135/@twind/preset-tailwind@1.1.4/denonext/base.js": "0c554aa0fa34f186e5424e5789230755b4cde0f66e4a18e4f469c551029e881b",
    "https://esm.sh/v135/@twind/preset-tailwind@1.1.4/denonext/baseTheme.js": "48ced918d6ee3053d109b85c3c0a986d9514e31e7de92126c2a21265633fdaf8",
    "https://esm.sh/v135/@twind/preset-tailwind@1.1.4/denonext/preflight.js": "aba6255dc9e4bc55dec2ec8d5fb58392088d5fd2778edaee2e6ecc0300124ad1",
    "https://esm.sh/v135/@twind/preset-tailwind@1.1.4/denonext/preset-tailwind.mjs": "b8292ba64ae5c740438770c2589e6547b5eed1f9a31e1834ac4807f5b24f8066",
    "https://esm.sh/v135/@twind/preset-tailwind@1.1.4/denonext/rules.js": "8b7bff60b55e0bf33bdbce72b403d49449e03e5c9114edf6ba4aee38f0663901",
    "https://esm.sh/v135/@twind/preset-tailwind@1.1.4/denonext/variants.js": "9d2310bbc179a71d88268866f1806e38d1557f1fdcf068668a14d7fbc5ce12dc",
    "https://esm.sh/v135/react-hook-form@7.50.1/X-YS9yZWFjdDpwcmVhY3QvY29tcGF0/denonext/react-hook-form.mjs": "1059792618958f7389b41edea636351a8d739e0342c56c0ab4c81efa493e4354",
    "https://esm.sh/v135/style-vendorizer@2.2.3/denonext/style-vendorizer.mjs": "121455e7b04b631ef6463ce63cdcd29febd74d88c37713c774ceca8a1561c83d"
  }
}
